
Microsoft Visual Studio Solution File, Format Version 12.00
# Visual Studio Version 17
VisualStudioVersion = 17.0.32112.339
MinimumVisualStudioVersion = 10.0.40219.1
Project("{FAE04EC0-301F-11D3-BF4B-00C04F79EFBC}") = "CRUDProducts", "CRUDProducts\CRUDProducts.csproj", "{53DC9070-A35B-4EE0-9156-BBAE142FF059}"
EndProject
Global
	GlobalSection(SolutionConfigurationPlatforms) = preSolution
		Debug|Any CPU = Debug|Any CPU
		Release|Any CPU = Release|Any CPU
	EndGlobalSection
	GlobalSection(ProjectConfigurationPlatforms) = postSolution
		{53DC9070-A35B-4EE0-9156-BBAE142FF059}.Debug|Any CPU.ActiveCfg = Debug|Any CPU
		{53DC9070-A35B-4EE0-9156-BBAE142FF059}.Debug|Any CPU.Build.0 = Debug|Any CPU
		{53DC9070-A35B-4EE0-9156-BBAE142FF059}.Release|Any CPU.ActiveCfg = Release|Any CPU
		{53DC9070-A35B-4EE0-9156-BBAE142FF059}.Release|Any CPU.Build.0 = Release|Any CPU
	EndGlobalSection
	GlobalSection(SolutionProperties) = preSolution
		HideSolutionNode = FALSE
	EndGlobalSection
	GlobalSection(ExtensibilityGlobals) = postSolution
		SolutionGuid = {6B815438-37FC-49FB-911E-17F6D6F390A3}
	EndGlobalSection
EndGlobal
